{
    "_readme": [
        "This file locks the dependencies of your project to a known state",
        "Read more about it at https://getcomposer.org/doc/01-basic-usage.md#installing-dependencies",
        "This file is @generated automatically"
    ],
    "content-hash": "c7792e3982114c79d8e3a6ef9c7bb36e",
    "packages": [
        {
            "name": "composer/installers",
            "version": "v1.6.0",
            "source": {
                "type": "git",
                "url": "https://github.com/composer/installers.git",
                "reference": "cfcca6b1b60bc4974324efb5783c13dca6932b5b"
            },
            "dist": {
                "type": "zip",
                "url": "https://api.github.com/repos/composer/installers/zipball/cfcca6b1b60bc4974324efb5783c13dca6932b5b",
                "reference": "cfcca6b1b60bc4974324efb5783c13dca6932b5b",
                "shasum": ""
            },
            "require": {
                "composer-plugin-api": "^1.0"
            },
            "replace": {
                "roundcube/plugin-installer": "*",
                "shama/baton": "*"
            },
            "require-dev": {
                "composer/composer": "1.0.*@dev",
                "phpunit/phpunit": "^4.8.36"
            },
            "type": "composer-plugin",
            "extra": {
                "class": "Composer\\Installers\\Plugin",
                "branch-alias": {
                    "dev-master": "1.0-dev"
                }
            },
            "autoload": {
                "psr-4": {
                    "Composer\\Installers\\": "src/Composer/Installers"
                }
            },
            "notification-url": "https://packagist.org/downloads/",
            "license": [
                "MIT"
            ],
            "authors": [
                {
                    "name": "Kyle Robinson Young",
                    "email": "kyle@dontkry.com",
                    "homepage": "https://github.com/shama"
                }
            ],
            "description": "A multi-framework Composer library installer",
            "homepage": "https://composer.github.io/installers/",
            "keywords": [
                "Craft",
                "Dolibarr",
                "Eliasis",
                "Hurad",
                "ImageCMS",
                "Kanboard",
                "Lan Management System",
                "MODX Evo",
                "Mautic",
                "Maya",
                "OXID",
                "Plentymarkets",
                "Porto",
                "RadPHP",
                "SMF",
                "Thelia",
                "WolfCMS",
                "agl",
                "aimeos",
                "annotatecms",
                "attogram",
                "bitrix",
                "cakephp",
                "chef",
                "cockpit",
                "codeigniter",
                "concrete5",
                "croogo",
                "dokuwiki",
                "drupal",
                "eZ Platform",
                "elgg",
                "expressionengine",
                "fuelphp",
                "grav",
                "installer",
                "itop",
                "joomla",
                "kohana",
                "laravel",
                "lavalite",
                "lithium",
                "magento",
                "majima",
                "mako",
                "mediawiki",
                "modulework",
                "modx",
                "moodle",
                "osclass",
                "phpbb",
                "piwik",
                "ppi",
                "puppet",
                "pxcms",
                "reindex",
                "roundcube",
                "shopware",
                "silverstripe",
                "sydes",
                "symfony",
                "typo3",
                "wordpress",
                "yawik",
                "zend",
                "zikula"
            ],
            "time": "2018-08-27T06:10:37+00:00"
        },
        {
            "name": "cweagans/composer-patches",
            "version": "1.6.5",
            "source": {
                "type": "git",
                "url": "https://github.com/cweagans/composer-patches.git",
                "reference": "2ec4f00ff5fb64de584c8c4aea53bf9053ecb0b3"
            },
            "dist": {
                "type": "zip",
                "url": "https://api.github.com/repos/cweagans/composer-patches/zipball/2ec4f00ff5fb64de584c8c4aea53bf9053ecb0b3",
                "reference": "2ec4f00ff5fb64de584c8c4aea53bf9053ecb0b3",
                "shasum": ""
            },
            "require": {
                "composer-plugin-api": "^1.0",
                "php": ">=5.3.0"
            },
            "require-dev": {
                "composer/composer": "~1.0",
                "phpunit/phpunit": "~4.6"
            },
            "type": "composer-plugin",
            "extra": {
                "class": "cweagans\\Composer\\Patches"
            },
            "autoload": {
                "psr-4": {
                    "cweagans\\Composer\\": "src"
                }
            },
            "notification-url": "https://packagist.org/downloads/",
            "license": [
                "BSD-3-Clause"
            ],
            "authors": [
                {
                    "name": "Cameron Eagans",
                    "email": "me@cweagans.net"
                }
            ],
            "description": "Provides a way to patch Composer packages.",
            "time": "2018-05-11T18:00:16+00:00"
        },
        {
            "name": "gettext/gettext",
            "version": "v3.6.1",
            "source": {
                "type": "git",
                "url": "https://github.com/oscarotero/Gettext.git",
                "reference": "cd3be64443551e3a693117c4bccbe53e36282456"
            },
            "dist": {
                "type": "zip",
                "url": "https://api.github.com/repos/oscarotero/Gettext/zipball/cd3be64443551e3a693117c4bccbe53e36282456",
                "reference": "cd3be64443551e3a693117c4bccbe53e36282456",
                "shasum": ""
            },
            "require": {
                "gettext/languages": "2.*",
                "php": ">=5.3.0"
            },
            "require-dev": {
                "illuminate/view": "*",
                "symfony/yaml": "~2",
                "twig/extensions": "*",
                "twig/twig": "*"
            },
            "suggest": {
                "illuminate/view": "Is necessary if you want to use the Blade extractor",
                "symfony/yaml": "Is necessary if you want to use the Yaml extractor/generator",
                "twig/extensions": "Is necessary if you want to use the Twig extractor",
                "twig/twig": "Is necessary if you want to use the Twig extractor"
            },
            "type": "library",
            "autoload": {
                "psr-4": {
                    "Gettext\\": "src"
                }
            },
            "notification-url": "https://packagist.org/downloads/",
            "license": [
                "MIT"
            ],
            "authors": [
                {
                    "name": "Oscar Otero",
                    "email": "oom@oscarotero.com",
                    "homepage": "http://oscarotero.com",
                    "role": "Developer"
                }
            ],
            "description": "PHP gettext manager",
            "homepage": "https://github.com/oscarotero/Gettext",
            "keywords": [
                "JS",
                "gettext",
                "i18n",
                "mo",
                "po",
                "translation"
            ],
            "time": "2016-08-01T18:09:57+00:00"
        },
        {
            "name": "gettext/languages",
            "version": "2.5.0",
            "source": {
                "type": "git",
                "url": "https://github.com/mlocati/cldr-to-gettext-plural-rules.git",
                "reference": "78db2d17933f0765a102f368a6663f057162ddbd"
            },
            "dist": {
                "type": "zip",
                "url": "https://api.github.com/repos/mlocati/cldr-to-gettext-plural-rules/zipball/78db2d17933f0765a102f368a6663f057162ddbd",
                "reference": "78db2d17933f0765a102f368a6663f057162ddbd",
                "shasum": ""
            },
            "require": {
                "php": ">=5.3"
            },
            "require-dev": {
                "phpunit/phpunit": "^4"
            },
            "bin": [
                "bin/export-plural-rules",
                "bin/export-plural-rules.php"
            ],
            "type": "library",
            "autoload": {
                "psr-4": {
                    "Gettext\\Languages\\": "src/"
                }
            },
            "notification-url": "https://packagist.org/downloads/",
            "license": [
                "MIT"
            ],
            "authors": [
                {
                    "name": "Michele Locati",
                    "email": "mlocati@gmail.com",
                    "role": "Developer"
                }
            ],
            "description": "gettext languages with plural rules",
            "homepage": "https://github.com/mlocati/cldr-to-gettext-plural-rules",
            "keywords": [
                "cldr",
                "i18n",
                "internationalization",
                "l10n",
                "language",
                "languages",
                "localization",
                "php",
                "plural",
                "plural rules",
                "plurals",
                "translate",
                "translations",
                "unicode"
            ],
            "time": "2018-11-13T22:06:07+00:00"
        },
        {
            "name": "jaimeperez/twig-configurable-i18n",
            "version": "v1.2",
            "source": {
                "type": "git",
                "url": "https://github.com/jaimeperez/twig-configurable-i18n.git",
                "reference": "75d4926fd102c9e62219ad7f94a6136d2f2ccd93"
            },
            "dist": {
                "type": "zip",
                "url": "https://api.github.com/repos/jaimeperez/twig-configurable-i18n/zipball/75d4926fd102c9e62219ad7f94a6136d2f2ccd93",
                "reference": "75d4926fd102c9e62219ad7f94a6136d2f2ccd93",
                "shasum": ""
            },
            "require": {
                "twig/extensions": "^1.3"
            },
            "type": "project",
            "autoload": {
                "psr-4": {
                    "JaimePerez\\TwigConfigurableI18n\\": "src/"
                }
            },
            "notification-url": "https://packagist.org/downloads/",
            "license": [
                "LGPL-2.1"
            ],
            "authors": [
                {
                    "name": "Jaime Perez",
                    "email": "jaime.perez@uninett.no"
                }
            ],
            "description": "This is an extension on top of Twig's i18n extension, allowing you to customize which functions to use for translations.",
            "keywords": [
                "extension",
                "gettext",
                "i18n",
                "internationalization",
                "translation",
                "twig"
            ],
            "time": "2016-10-03T12:34:15+00:00"
        },
        {
            "name": "johnpbloch/wordpress-core",
            "version": "5.1.1",
            "source": {
                "type": "git",
                "url": "https://github.com/johnpbloch/wordpress-core.git",
                "reference": "dba22982e7cb433b68f1b12a0bd4e5851f967010"
            },
            "dist": {
                "type": "zip",
                "url": "https://api.github.com/repos/johnpbloch/wordpress-core/zipball/dba22982e7cb433b68f1b12a0bd4e5851f967010",
                "reference": "dba22982e7cb433b68f1b12a0bd4e5851f967010",
                "shasum": ""
            },
            "require": {
                "php": ">=5.3.2"
            },
            "provide": {
                "wordpress/core-implementation": "5.1.1"
            },
            "type": "wordpress-core",
            "notification-url": "https://packagist.org/downloads/",
            "license": [
                "GPL-2.0-or-later"
            ],
            "authors": [
                {
                    "name": "WordPress Community",
                    "homepage": "http://wordpress.org/about/"
                }
            ],
            "description": "WordPress is web software you can use to create a beautiful website or blog.",
            "homepage": "http://wordpress.org/",
            "keywords": [
                "blog",
                "cms",
                "wordpress"
            ],
            "time": "2019-03-13T00:27:30+00:00"
        },
        {
            "name": "johnpbloch/wordpress-core-installer",
            "version": "1.0.2",
            "source": {
                "type": "git",
                "url": "https://github.com/johnpbloch/wordpress-core-installer.git",
                "reference": "fd12f5cfe27223b92b0f4bbc097059eb23cc56c4"
            },
            "dist": {
                "type": "zip",
                "url": "https://api.github.com/repos/johnpbloch/wordpress-core-installer/zipball/fd12f5cfe27223b92b0f4bbc097059eb23cc56c4",
                "reference": "fd12f5cfe27223b92b0f4bbc097059eb23cc56c4",
                "shasum": ""
            },
            "require": {
                "composer-plugin-api": "^1.0"
            },
            "conflict": {
                "composer/installers": "<1.0.6"
            },
            "require-dev": {
                "composer/composer": "^1.0",
                "phpunit/phpunit": ">=4.8.35"
            },
            "type": "composer-plugin",
            "extra": {
                "class": "johnpbloch\\Composer\\WordPressCorePlugin"
            },
            "autoload": {
                "psr-0": {
                    "johnpbloch\\Composer\\": "src/"
                }
            },
            "notification-url": "https://packagist.org/downloads/",
            "license": [
                "GPL-2.0-or-later"
            ],
            "authors": [
                {
                    "name": "John P. Bloch",
                    "email": "me@johnpbloch.com"
                }
            ],
            "description": "A custom installer to handle deploying WordPress with composer",
            "keywords": [
                "wordpress"
            ],
            "time": "2018-11-09T20:10:38+00:00"
        },
        {
            "name": "mizzou/mizzou-simplesaml",
            "version": "dev-master",
            "source": {
                "type": "git",
                "url": "git@vcs.missouri.edu:mizzou-digital/mizzou-simplesaml.git",
                "reference": "dfe5f0da014412d5ef33d27e551ce202330f1bb5"
            },
            "require": {
                "cweagans/composer-patches": "^1.6",
                "simplesamlphp/simplesamlphp": "^1.15"
            },
            "type": "library",
            "authors": [
                {
                    "name": "Paul Gilzow",
                    "email": "gilzowp@missouri.edu"
                }
            ],
            "description": "Mizzou-specific simplesaml configurations",
            "time": "2018-12-20T22:23:10+00:00"
        },
        {
            "name": "mizzou/simplesaml-wp",
            "version": "0.2.1",
            "source": {
                "type": "git",
                "url": "git@vcs.missouri.edu:mizzou-digital/mizzou-simplesaml-wp.git",
                "reference": "693d9b28f35565e88b1bc1c87f9168f596df478c"
            },
            "require": {
                "composer/installers": "^1.6",
                "wpackagist-plugin/wp-saml-auth": "^0.5.1"
            },
            "type": "wordpress-muplugin",
            "authors": [
                {
                    "name": "Paul Gilzow",
                    "email": "gilzowp@missouri.edu"
                }
            ],
            "description": "Must Use plugin for mapping SAML attributes and location of simplesamlphp library",
            "time": "2019-02-21T16:59:14+00:00"
        },
        {
            "name": "psr/log",
            "version": "1.1.0",
            "source": {
                "type": "git",
                "url": "https://github.com/php-fig/log.git",
                "reference": "6c001f1daafa3a3ac1d8ff69ee4db8e799a654dd"
            },
            "dist": {
                "type": "zip",
                "url": "https://api.github.com/repos/php-fig/log/zipball/6c001f1daafa3a3ac1d8ff69ee4db8e799a654dd",
                "reference": "6c001f1daafa3a3ac1d8ff69ee4db8e799a654dd",
                "shasum": ""
            },
            "require": {
                "php": ">=5.3.0"
            },
            "type": "library",
            "extra": {
                "branch-alias": {
                    "dev-master": "1.0.x-dev"
                }
            },
            "autoload": {
                "psr-4": {
                    "Psr\\Log\\": "Psr/Log/"
                }
            },
            "notification-url": "https://packagist.org/downloads/",
            "license": [
                "MIT"
            ],
            "authors": [
                {
                    "name": "PHP-FIG",
                    "homepage": "http://www.php-fig.org/"
                }
            ],
            "description": "Common interface for logging libraries",
            "homepage": "https://github.com/php-fig/log",
            "keywords": [
                "log",
                "psr",
                "psr-3"
            ],
            "time": "2018-11-20T15:27:04+00:00"
        },
        {
            "name": "robrichards/xmlseclibs",
            "version": "3.0.3",
            "source": {
                "type": "git",
                "url": "https://github.com/robrichards/xmlseclibs.git",
                "reference": "406c68ac9124db033d079284b719958b829cb830"
            },
            "dist": {
                "type": "zip",
                "url": "https://api.github.com/repos/robrichards/xmlseclibs/zipball/406c68ac9124db033d079284b719958b829cb830",
                "reference": "406c68ac9124db033d079284b719958b829cb830",
                "shasum": ""
            },
            "require": {
                "ext-openssl": "*",
                "php": ">= 5.4"
            },
            "type": "library",
            "autoload": {
                "psr-4": {
                    "RobRichards\\XMLSecLibs\\": "src"
                }
            },
            "notification-url": "https://packagist.org/downloads/",
            "license": [
                "BSD-3-Clause"
            ],
            "description": "A PHP library for XML Security",
            "homepage": "https://github.com/robrichards/xmlseclibs",
            "keywords": [
                "security",
                "signature",
                "xml",
                "xmldsig"
            ],
            "time": "2018-11-15T11:59:02+00:00"
        },
        {
            "name": "simplesamlphp/saml2",
            "version": "v3.2.6",
            "source": {
                "type": "git",
                "url": "https://github.com/simplesamlphp/saml2.git",
                "reference": "a56e46ef8e0c5245a4ca7facc3d308b493215751"
            },
            "dist": {
                "type": "zip",
                "url": "https://api.github.com/repos/simplesamlphp/saml2/zipball/a56e46ef8e0c5245a4ca7facc3d308b493215751",
                "reference": "a56e46ef8e0c5245a4ca7facc3d308b493215751",
                "shasum": ""
            },
            "require": {
                "ext-dom": "*",
                "ext-openssl": "*",
                "ext-zlib": "*",
                "php": ">=5.4",
                "psr/log": "~1.0",
                "robrichards/xmlseclibs": "^3.0"
            },
            "require-dev": {
                "mockery/mockery": "~0.9",
                "phpmd/phpmd": "~1.5",
                "phpunit/phpunit": "~4",
                "sebastian/phpcpd": "~1.4",
                "sensiolabs/security-checker": "~1.1",
                "squizlabs/php_codesniffer": "~1.4"
            },
            "type": "library",
            "extra": {
                "branch-alias": {
                    "dev-master": "v3.1.x-dev"
                }
            },
            "autoload": {
                "psr-0": {
                    "SAML2\\": "src/"
                },
                "files": [
                    "src/_autoload.php"
                ]
            },
            "notification-url": "https://packagist.org/downloads/",
            "license": [
                "LGPL-2.1-or-later"
            ],
            "authors": [
                {
                    "name": "Andreas Åkre Solberg",
                    "email": "andreas.solberg@uninett.no"
                }
            ],
            "description": "SAML2 PHP library from SimpleSAMLphp",
            "time": "2018-11-20T11:11:28+00:00"
        },
        {
            "name": "simplesamlphp/simplesamlphp",
            "version": "1.16.3",
            "source": {
                "type": "git",
                "url": "https://github.com/simplesamlphp/simplesamlphp.git",
                "reference": "abc208dbc9c94eb8bab8266825ca035cc96072ba"
            },
            "dist": {
                "type": "zip",
                "url": "https://api.github.com/repos/simplesamlphp/simplesamlphp/zipball/abc208dbc9c94eb8bab8266825ca035cc96072ba",
                "reference": "abc208dbc9c94eb8bab8266825ca035cc96072ba",
                "shasum": ""
            },
            "require": {
                "ext-date": "*",
                "ext-dom": "*",
                "ext-hash": "*",
                "ext-json": "*",
                "ext-mbstring": "*",
                "ext-openssl": "*",
                "ext-pcre": "*",
                "ext-spl": "*",
                "ext-zlib": "*",
                "gettext/gettext": "^3.5",
                "jaimeperez/twig-configurable-i18n": "^1.2",
                "php": ">=5.4",
                "robrichards/xmlseclibs": "^3.0",
                "simplesamlphp/saml2": "~3.2.2",
                "twig/twig": "~1.0",
                "whitehat101/apr1-md5": "~1.0"
            },
            "require-dev": {
                "friendsofphp/php-cs-fixer": "^2.2",
                "mikey179/vfsstream": "~1.6",
                "phpunit/phpunit": "~4.8.35"
            },
            "type": "project",
            "autoload": {
                "psr-4": {
                    "SimpleSAML\\": "lib/SimpleSAML"
                },
                "files": [
                    "lib/_autoload_modules.php"
                ]
            },
            "notification-url": "https://packagist.org/downloads/",
            "license": [
                "LGPL-2.1-or-later"
            ],
            "authors": [
                {
                    "name": "Olav Morken",
                    "email": "olav.morken@uninett.no"
                },
                {
                    "name": "Andreas Åkre Solberg",
                    "email": "andreas.solberg@uninett.no"
                },
                {
                    "name": "Jaime Perez",
                    "email": "jaime.perez@uninett.no"
                }
            ],
            "description": "A PHP implementation of a SAML 2.0 service provider and identity provider, also compatible with Shibboleth 1.3 and 2.0.",
            "homepage": "http://simplesamlphp.org",
            "keywords": [
                "SAML2",
                "idp",
                "oauth",
                "shibboleth",
                "sp",
                "ws-federation"
            ],
            "time": "2018-12-20T16:49:03+00:00"
        },
        {
            "name": "symfony/polyfill-ctype",
            "version": "v1.11.0",
            "source": {
                "type": "git",
                "url": "https://github.com/symfony/polyfill-ctype.git",
                "reference": "82ebae02209c21113908c229e9883c419720738a"
            },
            "dist": {
                "type": "zip",
                "url": "https://api.github.com/repos/symfony/polyfill-ctype/zipball/82ebae02209c21113908c229e9883c419720738a",
                "reference": "82ebae02209c21113908c229e9883c419720738a",
                "shasum": ""
            },
            "require": {
                "php": ">=5.3.3"
            },
            "suggest": {
                "ext-ctype": "For best performance"
            },
            "type": "library",
            "extra": {
                "branch-alias": {
                    "dev-master": "1.11-dev"
                }
            },
            "autoload": {
                "psr-4": {
                    "Symfony\\Polyfill\\Ctype\\": ""
                },
                "files": [
                    "bootstrap.php"
                ]
            },
            "notification-url": "https://packagist.org/downloads/",
            "license": [
                "MIT"
            ],
            "authors": [
                {
                    "name": "Symfony Community",
                    "homepage": "https://symfony.com/contributors"
                },
                {
                    "name": "Gert de Pagter",
                    "email": "backendtea@gmail.com"
                }
            ],
            "description": "Symfony polyfill for ctype functions",
            "homepage": "https://symfony.com",
            "keywords": [
                "compatibility",
                "ctype",
                "polyfill",
                "portable"
            ],
            "time": "2019-02-06T07:57:58+00:00"
        },
        {
            "name": "twig/extensions",
            "version": "v1.5.4",
            "source": {
                "type": "git",
                "url": "https://github.com/twigphp/Twig-extensions.git",
                "reference": "57873c8b0c1be51caa47df2cdb824490beb16202"
            },
            "dist": {
                "type": "zip",
                "url": "https://api.github.com/repos/twigphp/Twig-extensions/zipball/57873c8b0c1be51caa47df2cdb824490beb16202",
                "reference": "57873c8b0c1be51caa47df2cdb824490beb16202",
                "shasum": ""
            },
            "require": {
                "twig/twig": "^1.27|^2.0"
            },
            "require-dev": {
                "symfony/phpunit-bridge": "^3.4",
                "symfony/translation": "^2.7|^3.4"
            },
            "suggest": {
                "symfony/translation": "Allow the time_diff output to be translated"
            },
            "type": "library",
            "extra": {
                "branch-alias": {
                    "dev-master": "1.5-dev"
                }
            },
            "autoload": {
                "psr-0": {
                    "Twig_Extensions_": "lib/"
                },
                "psr-4": {
                    "Twig\\Extensions\\": "src/"
                }
            },
            "notification-url": "https://packagist.org/downloads/",
            "license": [
                "MIT"
            ],
            "authors": [
                {
                    "name": "Fabien Potencier",
                    "email": "fabien@symfony.com"
                }
            ],
            "description": "Common additional features for Twig that do not directly belong in core",
            "keywords": [
                "i18n",
                "text"
            ],
            "time": "2018-12-05T18:34:18+00:00"
        },
        {
            "name": "twig/twig",
            "version": "v1.38.4",
            "source": {
                "type": "git",
                "url": "https://github.com/twigphp/Twig.git",
                "reference": "7732e9e7017d751313811bd118de61302e9c8b35"
            },
            "dist": {
                "type": "zip",
                "url": "https://api.github.com/repos/twigphp/Twig/zipball/7732e9e7017d751313811bd118de61302e9c8b35",
                "reference": "7732e9e7017d751313811bd118de61302e9c8b35",
                "shasum": ""
            },
            "require": {
                "php": ">=5.4.0",
                "symfony/polyfill-ctype": "^1.8"
            },
            "require-dev": {
                "psr/container": "^1.0",
                "symfony/debug": "^2.7",
                "symfony/phpunit-bridge": "^3.4.19|^4.1.8"
            },
            "type": "library",
            "extra": {
                "branch-alias": {
                    "dev-master": "1.38-dev"
                }
            },
            "autoload": {
                "psr-0": {
                    "Twig_": "lib/"
                },
                "psr-4": {
                    "Twig\\": "src/"
                }
            },
            "notification-url": "https://packagist.org/downloads/",
            "license": [
                "BSD-3-Clause"
            ],
            "authors": [
                {
                    "name": "Fabien Potencier",
                    "email": "fabien@symfony.com",
                    "homepage": "http://fabien.potencier.org",
                    "role": "Lead Developer"
                },
                {
                    "name": "Armin Ronacher",
                    "email": "armin.ronacher@active-4.com",
                    "role": "Project Founder"
                },
                {
                    "name": "Twig Team",
                    "homepage": "https://twig.symfony.com/contributors",
                    "role": "Contributors"
                }
            ],
            "description": "Twig, the flexible, fast, and secure template language for PHP",
            "homepage": "https://twig.symfony.com",
            "keywords": [
                "templating"
            ],
            "time": "2019-03-23T14:27:19+00:00"
        },
        {
            "name": "whitehat101/apr1-md5",
            "version": "v1.0.0",
            "source": {
                "type": "git",
                "url": "https://github.com/whitehat101/apr1-md5.git",
                "reference": "8b261c9fc0481b4e9fa9d01c6ca70867b5d5e819"
            },
            "dist": {
                "type": "zip",
                "url": "https://api.github.com/repos/whitehat101/apr1-md5/zipball/8b261c9fc0481b4e9fa9d01c6ca70867b5d5e819",
                "reference": "8b261c9fc0481b4e9fa9d01c6ca70867b5d5e819",
                "shasum": ""
            },
            "require": {
                "php": ">=5.3.0"
            },
            "require-dev": {
                "phpunit/phpunit": "4.0.*"
            },
            "type": "library",
            "autoload": {
                "psr-4": {
                    "WhiteHat101\\Crypt\\": "src"
                }
            },
            "notification-url": "https://packagist.org/downloads/",
            "license": [
                "MIT"
            ],
            "authors": [
                {
                    "name": "Jeremy Ebler",
                    "email": "jebler@gmail.com"
                }
            ],
            "description": "Apache's APR1-MD5 algorithm in pure PHP",
            "homepage": "https://github.com/whitehat101/apr1-md5",
            "keywords": [
                "MD5",
                "apr1"
            ],
            "time": "2015-02-11T11:06:42+00:00"
        },
        {
            "name": "wpackagist-plugin/classic-editor",
            "version": "1.4",
            "source": {
                "type": "svn",
                "url": "https://plugins.svn.wordpress.org/classic-editor/",
                "reference": "tags/1.4"
            },
            "dist": {
                "type": "zip",
                "url": "https://downloads.wordpress.org/plugin/classic-editor.1.4.zip",
                "reference": null,
                "shasum": null
            },
            "require": {
                "composer/installers": "~1.0"
            },
            "type": "wordpress-plugin",
            "homepage": "https://wordpress.org/plugins/classic-editor/"
        },
        {
            "name": "wpackagist-plugin/wp-saml-auth",
            "version": "0.5.1",
            "source": {
                "type": "svn",
                "url": "https://plugins.svn.wordpress.org/wp-saml-auth/",
                "reference": "tags/0.5.1"
            },
            "dist": {
                "type": "zip",
                "url": "https://downloads.wordpress.org/plugin/wp-saml-auth.0.5.1.zip",
                "reference": null,
                "shasum": null
            },
            "require": {
                "composer/installers": "~1.0"
            },
            "type": "wordpress-plugin",
            "homepage": "https://wordpress.org/plugins/wp-saml-auth/"
        },
        {
            "name": "wpackagist-theme/twentyseventeen",
            "version": "2.1",
            "source": {
                "type": "svn",
                "url": "https://themes.svn.wordpress.org/twentyseventeen/",
                "reference": "2.1"
            },
            "dist": {
                "type": "zip",
                "url": "https://downloads.wordpress.org/theme/twentyseventeen.2.1.zip",
                "reference": null,
                "shasum": null
            },
            "require": {
                "composer/installers": "~1.0"
            },
            "type": "wordpress-theme",
            "homepage": "https://wordpress.org/themes/twentyseventeen/"
        }
    ],
    "packages-dev": [],
    "aliases": [],
    "minimum-stability": "stable",
    "stability-flags": {
        "mizzou/mizzou-simplesaml": 20
    },
    "prefer-stable": false,
    "prefer-lowest": false,
    "platform": [],
    "platform-dev": []
}
