{
    "_readme": [
        "This file locks the dependencies of your project to a known state",
        "Read more about it at https://getcomposer.org/doc/01-basic-usage.md#installing-dependencies",
        "This file is @generated automatically"
    ],
    "content-hash": "0b707622f356820c519f77ac5b91a138",
    "packages": [
        {
            "name": "colbycommunications/colby-groups",
            "version": "dev-wp4-test",
            "source": {
                "type": "git",
                "url": "https://github.com/ColbyCommunications/colby-groups",
                "reference": "65a6e26b6a1ad68d298b9e1d089cb324a03fc704"
            },
            "require": {
                "php": ">=7.0"
            },
            "require-dev": {
                "automattic/vipwpcs": "^2.0",
                "dealerdirect/phpcodesniffer-composer-installer": "*",
                "phpunit/phpunit": "^6.5",
                "wp-coding-standards/wpcs": "^2.1"
            },
            "type": "wordpress-plugin",
            "authors": [
                {
                    "name": "Keith McGlauflin",
                    "email": "keith.mcglauflin@colby.edu"
                },
                {
                    "name": "Brandon Waltz",
                    "email": "brandon.waltz@colby.edu"
                }
            ],
            "description": "Colby user group management plugin",
            "keywords": [
                "wordpress"
            ],
            "time": "2020-02-12T18:47:50+00:00"
        },
        {
            "name": "composer/installers",
            "version": "v1.9.0",
            "source": {
                "type": "git",
                "url": "https://github.com/composer/installers.git",
                "reference": "b93bcf0fa1fccb0b7d176b0967d969691cd74cca"
            },
            "dist": {
                "type": "zip",
                "url": "https://api.github.com/repos/composer/installers/zipball/b93bcf0fa1fccb0b7d176b0967d969691cd74cca",
                "reference": "b93bcf0fa1fccb0b7d176b0967d969691cd74cca",
                "shasum": ""
            },
            "require": {
                "composer-plugin-api": "^1.0 || ^2.0"
            },
            "replace": {
                "roundcube/plugin-installer": "*",
                "shama/baton": "*"
            },
            "require-dev": {
                "composer/composer": "1.6.* || 2.0.*@dev",
                "composer/semver": "1.0.* || 2.0.*@dev",
                "phpunit/phpunit": "^4.8.36",
                "sebastian/comparator": "^1.2.4",
                "symfony/process": "^2.3"
            },
            "type": "composer-plugin",
            "extra": {
                "class": "Composer\\Installers\\Plugin",
                "branch-alias": {
                    "dev-master": "1.0-dev"
                }
            },
            "autoload": {
                "psr-4": {
                    "Composer\\Installers\\": "src/Composer/Installers"
                }
            },
            "notification-url": "https://packagist.org/downloads/",
            "license": [
                "MIT"
            ],
            "authors": [
                {
                    "name": "Kyle Robinson Young",
                    "email": "kyle@dontkry.com",
                    "homepage": "https://github.com/shama"
                }
            ],
            "description": "A multi-framework Composer library installer",
            "homepage": "https://composer.github.io/installers/",
            "keywords": [
                "Craft",
                "Dolibarr",
                "Eliasis",
                "Hurad",
                "ImageCMS",
                "Kanboard",
                "Lan Management System",
                "MODX Evo",
                "MantisBT",
                "Mautic",
                "Maya",
                "OXID",
                "Plentymarkets",
                "Porto",
                "RadPHP",
                "SMF",
                "Thelia",
                "Whmcs",
                "WolfCMS",
                "agl",
                "aimeos",
                "annotatecms",
                "attogram",
                "bitrix",
                "cakephp",
                "chef",
                "cockpit",
                "codeigniter",
                "concrete5",
                "croogo",
                "dokuwiki",
                "drupal",
                "eZ Platform",
                "elgg",
                "expressionengine",
                "fuelphp",
                "grav",
                "installer",
                "itop",
                "joomla",
                "known",
                "kohana",
                "laravel",
                "lavalite",
                "lithium",
                "magento",
                "majima",
                "mako",
                "mediawiki",
                "modulework",
                "modx",
                "moodle",
                "osclass",
                "phpbb",
                "piwik",
                "ppi",
                "puppet",
                "pxcms",
                "reindex",
                "roundcube",
                "shopware",
                "silverstripe",
                "sydes",
                "sylius",
                "symfony",
                "typo3",
                "wordpress",
                "yawik",
                "zend",
                "zikula"
            ],
            "time": "2020-04-07T06:57:05+00:00"
        },
        {
            "name": "devgeniem/wp-redis-object-cache-dropin",
            "version": "1.6.0",
            "source": {
                "type": "git",
                "url": "https://github.com/devgeniem/wp-redis-object-cache-dropin.git",
                "reference": "973a640d88a72214c54d24130f2ebfd720f3e93f"
            },
            "dist": {
                "type": "zip",
                "url": "https://api.github.com/repos/devgeniem/wp-redis-object-cache-dropin/zipball/973a640d88a72214c54d24130f2ebfd720f3e93f",
                "reference": "973a640d88a72214c54d24130f2ebfd720f3e93f",
                "shasum": ""
            },
            "require": {
                "composer/installers": "~1.0",
                "koodimonni/composer-dropin-installer": ">=1.0.1"
            },
            "type": "wordpress-dropin",
            "notification-url": "https://packagist.org/downloads/",
            "license": [
                "GPL-3.0+"
            ],
            "authors": [
                {
                    "name": "Till Krüss",
                    "homepage": "https://till.kruss.me/",
                    "role": "Developer"
                }
            ],
            "description": "A persistent object cache backend for WordPress powered by Redis. Supports Predis, PhpRedis, HHVM, replication and clustering.",
            "homepage": "https://github.com/devgeniem/wp-redis-object-cache-dropin",
            "time": "2019-11-29T09:19:20+00:00"
        },
        {
            "name": "johnpbloch/wordpress-core",
            "version": "5.4.2",
            "source": {
                "type": "git",
                "url": "https://github.com/johnpbloch/wordpress-core.git",
                "reference": "3e67d8b6ee6c11e8ce404da4627117fb7fbf9266"
            },
            "dist": {
                "type": "zip",
                "url": "https://api.github.com/repos/johnpbloch/wordpress-core/zipball/3e67d8b6ee6c11e8ce404da4627117fb7fbf9266",
                "reference": "3e67d8b6ee6c11e8ce404da4627117fb7fbf9266",
                "shasum": ""
            },
            "require": {
                "ext-json": "*",
                "php": ">=5.6.20"
            },
            "provide": {
                "wordpress/core-implementation": "5.4.2"
            },
            "type": "wordpress-core",
            "notification-url": "https://packagist.org/downloads/",
            "license": [
                "GPL-2.0-or-later"
            ],
            "authors": [
                {
                    "name": "WordPress Community",
                    "homepage": "https://wordpress.org/about/"
                }
            ],
            "description": "WordPress is open source software you can use to create a beautiful website, blog, or app.",
            "homepage": "https://wordpress.org/",
            "keywords": [
                "blog",
                "cms",
                "wordpress"
            ],
            "time": "2020-06-10T22:05:38+00:00"
        },
        {
            "name": "johnpbloch/wordpress-core-installer",
            "version": "1.0.2",
            "source": {
                "type": "git",
                "url": "https://github.com/johnpbloch/wordpress-core-installer.git",
                "reference": "fd12f5cfe27223b92b0f4bbc097059eb23cc56c4"
            },
            "dist": {
                "type": "zip",
                "url": "https://api.github.com/repos/johnpbloch/wordpress-core-installer/zipball/fd12f5cfe27223b92b0f4bbc097059eb23cc56c4",
                "reference": "fd12f5cfe27223b92b0f4bbc097059eb23cc56c4",
                "shasum": ""
            },
            "require": {
                "composer-plugin-api": "^1.0"
            },
            "conflict": {
                "composer/installers": "<1.0.6"
            },
            "require-dev": {
                "composer/composer": "^1.0",
                "phpunit/phpunit": ">=4.8.35"
            },
            "type": "composer-plugin",
            "extra": {
                "class": "johnpbloch\\Composer\\WordPressCorePlugin"
            },
            "autoload": {
                "psr-0": {
                    "johnpbloch\\Composer\\": "src/"
                }
            },
            "notification-url": "https://packagist.org/downloads/",
            "license": [
                "GPL-2.0-or-later"
            ],
            "authors": [
                {
                    "name": "John P. Bloch",
                    "email": "me@johnpbloch.com"
                }
            ],
            "description": "A custom installer to handle deploying WordPress with composer",
            "keywords": [
                "wordpress"
            ],
            "time": "2018-11-09T20:10:38+00:00"
        },
        {
            "name": "koodimonni/composer-dropin-installer",
            "version": "1.2",
            "source": {
                "type": "git",
                "url": "https://github.com/Koodimonni/Composer-Dropin-Installer.git",
                "reference": "a749f19e3a3bc05529190961ed7529592b20138e"
            },
            "dist": {
                "type": "zip",
                "url": "https://api.github.com/repos/Koodimonni/Composer-Dropin-Installer/zipball/a749f19e3a3bc05529190961ed7529592b20138e",
                "reference": "a749f19e3a3bc05529190961ed7529592b20138e",
                "shasum": ""
            },
            "require": {
                "composer-plugin-api": "^1.0"
            },
            "require-dev": {
                "phpunit/phpunit": "3.7.*-dev"
            },
            "type": "composer-plugin",
            "extra": {
                "class": "Koodimonni\\Composer\\Dropin"
            },
            "autoload": {
                "psr-4": {
                    "Koodimonni\\Composer\\": "src"
                }
            },
            "notification-url": "https://packagist.org/downloads/",
            "license": [
                "WTFPL"
            ],
            "authors": [
                {
                    "name": "Onni Hakala",
                    "email": "onni@koodimonni.fi",
                    "role": "Developer"
                }
            ],
            "description": "Install packages or a few files from packages into custom paths without overwriting existing stuff.",
            "time": "2018-02-04T10:52:01+00:00"
        },
        {
            "name": "wpackagist-plugin/capability-manager-enhanced",
            "version": "1.9",
            "source": {
                "type": "svn",
                "url": "https://plugins.svn.wordpress.org/capability-manager-enhanced/",
                "reference": "tags/1.9"
            },
            "dist": {
                "type": "zip",
                "url": "https://downloads.wordpress.org/plugin/capability-manager-enhanced.1.9.zip"
            },
            "require": {
                "composer/installers": "~1.0"
            },
            "type": "wordpress-plugin",
            "homepage": "https://wordpress.org/plugins/capability-manager-enhanced/"
        },
        {
            "name": "wpackagist-plugin/classic-editor",
            "version": "1.5",
            "source": {
                "type": "svn",
                "url": "https://plugins.svn.wordpress.org/classic-editor/",
                "reference": "tags/1.5"
            },
            "dist": {
                "type": "zip",
                "url": "https://downloads.wordpress.org/plugin/classic-editor.1.5.zip"
            },
            "require": {
                "composer/installers": "~1.0"
            },
            "type": "wordpress-plugin",
            "homepage": "https://wordpress.org/plugins/classic-editor/"
        },
        {
            "name": "wpackagist-plugin/cloudflare",
            "version": "3.5.1",
            "source": {
                "type": "svn",
                "url": "https://plugins.svn.wordpress.org/cloudflare/",
                "reference": "tags/3.5.1"
            },
            "dist": {
                "type": "zip",
                "url": "https://downloads.wordpress.org/plugin/cloudflare.3.5.1.zip"
            },
            "require": {
                "composer/installers": "~1.0"
            },
            "type": "wordpress-plugin",
            "homepage": "https://wordpress.org/plugins/cloudflare/"
        },
        {
            "name": "wpackagist-plugin/duplicate-post",
            "version": "3.2.5",
            "source": {
                "type": "svn",
                "url": "https://plugins.svn.wordpress.org/duplicate-post/",
                "reference": "tags/3.2.5"
            },
            "dist": {
                "type": "zip",
                "url": "https://downloads.wordpress.org/plugin/duplicate-post.3.2.5.zip"
            },
            "require": {
                "composer/installers": "~1.0"
            },
            "type": "wordpress-plugin",
            "homepage": "https://wordpress.org/plugins/duplicate-post/"
        },
        {
            "name": "wpackagist-plugin/elementor",
            "version": "2.9.14",
            "source": {
                "type": "svn",
                "url": "https://plugins.svn.wordpress.org/elementor/",
                "reference": "tags/2.9.14"
            },
            "dist": {
                "type": "zip",
                "url": "https://downloads.wordpress.org/plugin/elementor.2.9.14.zip"
            },
            "require": {
                "composer/installers": "~1.0"
            },
            "type": "wordpress-plugin",
            "homepage": "https://wordpress.org/plugins/elementor/"
        },
        {
            "name": "wpackagist-plugin/header-footer",
            "version": "3.2.1",
            "source": {
                "type": "svn",
                "url": "https://plugins.svn.wordpress.org/header-footer/",
                "reference": "tags/3.2.1"
            },
            "dist": {
                "type": "zip",
                "url": "https://downloads.wordpress.org/plugin/header-footer.3.2.1.zip"
            },
            "require": {
                "composer/installers": "~1.0"
            },
            "type": "wordpress-plugin",
            "homepage": "https://wordpress.org/plugins/header-footer/"
        },
        {
            "name": "wpackagist-plugin/public-post-preview",
            "version": "2.9.1",
            "source": {
                "type": "svn",
                "url": "https://plugins.svn.wordpress.org/public-post-preview/",
                "reference": "tags/2.9.1"
            },
            "dist": {
                "type": "zip",
                "url": "https://downloads.wordpress.org/plugin/public-post-preview.2.9.1.zip"
            },
            "require": {
                "composer/installers": "~1.0"
            },
            "type": "wordpress-plugin",
            "homepage": "https://wordpress.org/plugins/public-post-preview/"
        },
        {
            "name": "wpackagist-plugin/tablepress",
            "version": "1.11",
            "source": {
                "type": "svn",
                "url": "https://plugins.svn.wordpress.org/tablepress/",
                "reference": "tags/1.11"
            },
            "dist": {
                "type": "zip",
                "url": "https://downloads.wordpress.org/plugin/tablepress.1.11.zip"
            },
            "require": {
                "composer/installers": "~1.0"
            },
            "type": "wordpress-plugin",
            "homepage": "https://wordpress.org/plugins/tablepress/"
        },
        {
            "name": "wpackagist-plugin/wordpress-importer",
            "version": "0.7",
            "source": {
                "type": "svn",
                "url": "https://plugins.svn.wordpress.org/wordpress-importer/",
                "reference": "tags/0.7"
            },
            "dist": {
                "type": "zip",
                "url": "https://downloads.wordpress.org/plugin/wordpress-importer.0.7.zip"
            },
            "require": {
                "composer/installers": "~1.0"
            },
            "type": "wordpress-plugin",
            "homepage": "https://wordpress.org/plugins/wordpress-importer/"
        },
        {
            "name": "wpackagist-plugin/wordpress-seo",
            "version": "14.6.1",
            "source": {
                "type": "svn",
                "url": "https://plugins.svn.wordpress.org/wordpress-seo/",
                "reference": "tags/14.6.1"
            },
            "dist": {
                "type": "zip",
                "url": "https://downloads.wordpress.org/plugin/wordpress-seo.14.6.1.zip"
            },
            "require": {
                "composer/installers": "~1.0"
            },
            "type": "wordpress-plugin",
            "homepage": "https://wordpress.org/plugins/wordpress-seo/"
        },
        {
            "name": "wpackagist-theme/hello-elementor",
            "version": "2.3.0",
            "source": {
                "type": "svn",
                "url": "https://themes.svn.wordpress.org/hello-elementor/",
                "reference": "2.3.0"
            },
            "dist": {
                "type": "zip",
                "url": "https://downloads.wordpress.org/theme/hello-elementor.2.3.0.zip"
            },
            "require": {
                "composer/installers": "~1.0"
            },
            "type": "wordpress-theme",
            "homepage": "https://wordpress.org/themes/hello-elementor/"
        },
        {
            "name": "wpackagist-theme/twentyseventeen",
            "version": "2.3",
            "source": {
                "type": "svn",
                "url": "https://themes.svn.wordpress.org/twentyseventeen/",
                "reference": "2.3"
            },
            "dist": {
                "type": "zip",
                "url": "https://downloads.wordpress.org/theme/twentyseventeen.2.3.zip"
            },
            "require": {
                "composer/installers": "~1.0"
            },
            "type": "wordpress-theme",
            "homepage": "https://wordpress.org/themes/twentyseventeen/"
        }
    ],
    "packages-dev": [],
    "aliases": [],
    "minimum-stability": "stable",
    "stability-flags": {
        "colbycommunications/colby-groups": 20
    },
    "prefer-stable": false,
    "prefer-lowest": false,
    "platform": [],
    "platform-dev": []
}
